
Microsoft Visual Studio Solution File, Format Version 10.00
# Visual Studio 2008
Project("{54435603-DBB4-11D2-8724-00A0C9A8B90C}") = "Setup", "Setup\Setup.vdproj", "{23E0287B-8496-453E-AA57-EE8BD72B172A}"
EndProject
Global
	GlobalSection(SolutionConfigurationPlatforms) = preSolution
		Debug|Any CPU = Debug|Any CPU
		Release|Any CPU = Release|Any CPU
	EndGlobalSection
	GlobalSection(ProjectConfigurationPlatforms) = postSolution
		{23E0287B-8496-453E-AA57-EE8BD72B172A}.Debug|Any CPU.ActiveCfg = Debug
		{23E0287B-8496-453E-AA57-EE8BD72B172A}.Release|Any CPU.ActiveCfg = Release
		{23E0287B-8496-453E-AA57-EE8BD72B172A}.Release|Any CPU.Build.0 = Release
	EndGlobalSection
	GlobalSection(SolutionProperties) = preSolution
		HideSolutionNode = FALSE
	EndGlobalSection
EndGlobal
